<?xml version="1.0" encoding="utf-8"?>
<Project ToolsVersion="4.0" xmlns="http://schemas.microsoft.com/developer/msbuild/2003">
  <ItemGroup>
    <ClCompile Include="@(ClSourceFiles)" />
    <ClCompile Include="@(ClSourceFiles)" />
    <ClCompile Include="@(ClSourceFiles)" />
    <ClCompile Include="main.c" />
  </ItemGroup>
  <ItemGroup>
    <Filter Include="Headers">
      <UniqueIdentifier>{367d24d3-4c3f-43c1-9f51-84b6c73c4d3b}</UniqueIdentifier>
    </Filter>
    <Filter Include="Sources">
      <UniqueIdentifier>{5b9058b9-3797-4008-a805-984831252edf}</UniqueIdentifier>
    </Filter>
  </ItemGroup>
  <ItemGroup>
    <None Include="MAKEFILE" />
    <None Include="SOURCES" />
    <None Include="SOURCES.props" />
    <None Include="ClassDiagram.cd" />
  </ItemGroup>
  <ItemGroup>
    <Text Include="Nmake2MSBuild_SOURCES.log" />
  </ItemGroup>
  <ItemGroup>
    <ClInclude Include="datatypes.h" />
    <ClInclude Include="debug.h" />
    <ClInclude Include="devices.h" />
    <ClInclude Include="ioctl_defs.h" />
    <ClInclude Include="kmd.h" />
    <ClInclude Include="module.h" />
    <ClInclude Include="task.h" />
    <ClInclude Include="token.h" />
    <ClInclude Include="ver.h" />
  </ItemGroup>
</Project>